{
  "name": "phgm-build",
  "version": "0.0.1",
  "dependencies": {
    "underscore": {
      "version": "1.3.3"
    },
    "mkdirp": {
      "version": "0.3.2"
    },
    "glob-whatev": {
      "version": "0.1.6",
      "dependencies": {
        "minimatch": {
          "version": "0.2.4",
          "dependencies": {
            "lru-cache": {
              "version": "1.0.6"
            }
          }
        }
      }
    },
    "prompt": {
      "version": "0.1.12",
      "dependencies": {
        "async": {
          "version": "0.1.18"
        },
        "colors": {
          "version": "0.6.0-1"
        },
        "pkginfo": {
          "version": "0.2.3"
        },
        "winston": {
          "version": "0.5.11",
          "dependencies": {
            "eyes": {
              "version": "0.1.7"
            },
            "loggly": {
              "version": "0.3.11",
              "dependencies": {
                "request": {
                  "version": "2.9.202"
                },
                "timespan": {
                  "version": "2.2.0"
                }
              }
            },
            "stack-trace": {
              "version": "0.0.6"
            }
          }
        }
      }
    },
    "less": {
      "version": "1.3.0"
    },
    "uglify-js": {
      "version": "1.2.6"
    },
    "clean-css": {
      "version": "0.3.2",
      "dependencies": {
        "optimist": {
          "version": "0.1.9"
        }
      }
    },
    "commander": {
      "version": "0.6.0"
    }
  }
}
