{
  "name": "phgm-build",
  "version": "0.0.12",
  "dependencies": {
    "underscore": {
      "version": "1.3.3"
    },
    "glob-whatev": {
      "version": "0.1.6",
      "dependencies": {
        "minimatch": {
          "version": "0.2.4",
          "dependencies": {
            "lru-cache": {
              "version": "1.0.6"
            }
          }
        }
      }
    },
    "less": {
      "version": "1.3.0"
    },
    "uglify-js": {
      "version": "1.2.6"
    },
    "clean-css": {
      "version": "0.3.2",
      "dependencies": {
        "optimist": {
          "version": "0.1.9"
        }
      }
    },
    "htmlparser2": {
      "version": "2.2.8"
    },
    "github-flavored-markdown": {
      "version": "1.0.1"
    },
    "commander": {
      "version": "0.6.0"
    }
  }
}
